schema: '2.0'
stages:
  compute-credit-bins:
    cmd: python scripts/compute_credit_bins.py --train-data-path data/processed/cleaned_train_data.json
      --output-path data/processed/optimal_credit_bins.json
    deps:
    - path: data/processed/cleaned_train_data.json
      md5: b73435dfc8b0e47a4bf5b1fa50d79e79
      size: 6573355
    outs:
    - path: data/processed/optimal_credit_bins.json
      md5: dd2056922bd6912286adab54faba97c2
      size: 547
  normalize-and-clean-data:
    cmd: python scripts/normalize_and_clean_data.py --train-data-path data/raw/train2.tsv
      --val-data-path data/raw/val2.tsv --test-data-path data/raw/test2.tsv --output-dir
      data/processed
    deps:
    - path: data/raw/test2.tsv
      md5: 1a9264dd2e97164cb7a67e98e694b148
      size: 871199
    - path: data/raw/train2.tsv
      md5: 75f234f1528f48f4970bfd97da181c47
      size: 6980142
    - path: data/raw/val2.tsv
      md5: 9ca5a3da8145dbc0f2c3e6b176639610
      size: 865142
    - path: scripts/normalize_and_clean_data.py
      md5: e73467c4149ae26389b4699e19fe853a
      size: 2254
    outs:
    - path: data/processed/cleaned_test_data.json
      md5: 1b6bed2affa2e07dd703fee902ecad6a
      size: 845488
    - path: data/processed/cleaned_train_data.json
      md5: b73435dfc8b0e47a4bf5b1fa50d79e79
      size: 6573355
    - path: data/processed/cleaned_val_data.json
      md5: 0245a1951708a4b95a64c58eb178e298
      size: 841928
  train-random-forest:
    cmd: python fake_news/train.py --config-file config/random_forest.json
    deps:
    - path: config/random_forest.json
      md5: e6588835c57f6f3b96e4198904c32a79
      size: 454
    - path: data/processed/cleaned_test_data.json
      md5: 1b6bed2affa2e07dd703fee902ecad6a
      size: 845488
    - path: data/processed/cleaned_train_data.json
      md5: b73435dfc8b0e47a4bf5b1fa50d79e79
      size: 6573355
    - path: data/processed/cleaned_val_data.json
      md5: 0245a1951708a4b95a64c58eb178e298
      size: 841928
    - path: data/processed/optimal_credit_bins.json
      md5: dd2056922bd6912286adab54faba97c2
      size: 547
    - path: fake_news/train.py
      md5: dc89a03fb6780683d03a8be07434b963
      size: 3419
    outs:
    - path: model_checkpoints/random_forest
      md5: 9c6843b1c54a44d84a0365f63d1452ea.dir
      size: 33367922
      nfiles: 5
  train-roberta:
    cmd: python fake_news/train.py --config-file config/roberta.json
    deps:
    - path: config/roberta.json
      md5: 2d80f67d079432f21fa0a32a1ead5122
      size: 738
    - path: data/processed/cleaned_test_data.json
      md5: aab533912d8d90b3b0db2c0aae63d370
      size: 1237984
    - path: data/processed/cleaned_train_data.json
      md5: c6b22922ea499ac5ca97c57602694c45
      size: 9812841
    - path: data/processed/cleaned_val_data.json
      md5: 13fdb7e089cd6268ff91ede65dd226f0
      size: 1232040
    - path: fake_news/train.py
      md5: 5e1c3f1da43fb525717c2a42d518eae8
      size: 3026
    outs:
    - path: model_checkpoints/roberta
      md5: d73753b7d53d0fb955dd3f5a8adfbf0a.dir
      size: 1002562724
      nfiles: 18
